
Microsoft Visual Studio Solution File, Format Version 12.00
# Visual Studio Version 16
VisualStudioVersion = 16.0.29411.108
MinimumVisualStudioVersion = 10.0.40219.1
Project("{8BC9CEB8-8B4A-11D0-8D11-00A0C91BC942}") = "BobHCSGOInjector", "BobHCSGOInjector\BobHCSGOInjector.vcxproj", "{9F4B98DA-DE6A-4DD3-A964-06488EE39480}"
EndProject
Project("{8BC9CEB8-8B4A-11D0-8D11-00A0C91BC942}") = "ExampleDll", "ExampleDll\ExampleDll.vcxproj", "{5919F81D-7E35-4812-B1F2-90B05E549AA7}"
EndProject
Global
	GlobalSection(SolutionConfigurationPlatforms) = preSolution
		Debug|x64 = Debug|x64
		Debug|x86 = Debug|x86
		Release|x64 = Release|x64
		Release|x86 = Release|x86
	EndGlobalSection
	GlobalSection(ProjectConfigurationPlatforms) = postSolution
		{9F4B98DA-DE6A-4DD3-A964-06488EE39480}.Debug|x64.ActiveCfg = Debug|x64
		{9F4B98DA-DE6A-4DD3-A964-06488EE39480}.Debug|x64.Build.0 = Debug|x64
		{9F4B98DA-DE6A-4DD3-A964-06488EE39480}.Debug|x86.ActiveCfg = Debug|Win32
		{9F4B98DA-DE6A-4DD3-A964-06488EE39480}.Debug|x86.Build.0 = Debug|Win32
		{9F4B98DA-DE6A-4DD3-A964-06488EE39480}.Release|x64.ActiveCfg = Release|x64
		{9F4B98DA-DE6A-4DD3-A964-06488EE39480}.Release|x64.Build.0 = Release|x64
		{9F4B98DA-DE6A-4DD3-A964-06488EE39480}.Release|x86.ActiveCfg = Release|Win32
		{9F4B98DA-DE6A-4DD3-A964-06488EE39480}.Release|x86.Build.0 = Release|Win32
		{5919F81D-7E35-4812-B1F2-90B05E549AA7}.Debug|x64.ActiveCfg = Debug|x64
		{5919F81D-7E35-4812-B1F2-90B05E549AA7}.Debug|x64.Build.0 = Debug|x64
		{5919F81D-7E35-4812-B1F2-90B05E549AA7}.Debug|x86.ActiveCfg = Debug|Win32
		{5919F81D-7E35-4812-B1F2-90B05E549AA7}.Debug|x86.Build.0 = Debug|Win32
		{5919F81D-7E35-4812-B1F2-90B05E549AA7}.Release|x64.ActiveCfg = Release|x64
		{5919F81D-7E35-4812-B1F2-90B05E549AA7}.Release|x64.Build.0 = Release|x64
		{5919F81D-7E35-4812-B1F2-90B05E549AA7}.Release|x86.ActiveCfg = Release|Win32
		{5919F81D-7E35-4812-B1F2-90B05E549AA7}.Release|x86.Build.0 = Release|Win32
	EndGlobalSection
	GlobalSection(SolutionProperties) = preSolution
		HideSolutionNode = FALSE
	EndGlobalSection
	GlobalSection(ExtensibilityGlobals) = postSolution
		SolutionGuid = {C75FD743-79D9-4AF2-A628-6BA83D6AED88}
	EndGlobalSection
EndGlobal
